
Microsoft Visual Studio Solution File, Format Version 12.00
# Visual Studio 2013
VisualStudioVersion = 12.0.30723.0
MinimumVisualStudioVersion = 10.0.40219.1
Project("{FAE04EC0-301F-11D3-BF4B-00C04F79EFBC}") = "LandingPage-MVC", "LandingPage-MVC\LandingPage-MVC.csproj", "{58C170A2-49AE-4089-BCBE-8AAB566D5394}"
EndProject
Global
	GlobalSection(SolutionConfigurationPlatforms) = preSolution
		Debug|Any CPU = Debug|Any CPU
		Release|Any CPU = Release|Any CPU
	EndGlobalSection
	GlobalSection(ProjectConfigurationPlatforms) = postSolution
		{58C170A2-49AE-4089-BCBE-8AAB566D5394}.Debug|Any CPU.ActiveCfg = Debug|Any CPU
		{58C170A2-49AE-4089-BCBE-8AAB566D5394}.Debug|Any CPU.Build.0 = Debug|Any CPU
		{58C170A2-49AE-4089-BCBE-8AAB566D5394}.Release|Any CPU.ActiveCfg = Release|Any CPU
		{58C170A2-49AE-4089-BCBE-8AAB566D5394}.Release|Any CPU.Build.0 = Release|Any CPU
	EndGlobalSection
	GlobalSection(SolutionProperties) = preSolution
		HideSolutionNode = FALSE
	EndGlobalSection
EndGlobal
